// !$*UTF8*$!
{
	archiveVersion = 1;
	classes = {
	};
	objectVersion = 46;
	objects = {

/* Begin PBXBuildFile section */
		176770601F76AB12002C2DFB /* main.m in Sources */ = {isa = PBXBuildFile; fileRef = 1767705F1F76AB12002C2DFB /* main.m */; };
		176770631F76AB12002C2DFB /* AppDelegate.m in Sources */ = {isa = PBXBuildFile; fileRef = 176770621F76AB12002C2DFB /* AppDelegate.m */; };
		176770661F76AB12002C2DFB /* ViewController.m in Sources */ = {isa = PBXBuildFile; fileRef = 176770651F76AB12002C2DFB /* ViewController.m */; };
		176770691F76AB12002C2DFB /* Main.storyboard in Resources */ = {isa = PBXBuildFile; fileRef = 176770671F76AB12002C2DFB /* Main.storyboard */; };
		1767706B1F76AB12002C2DFB /* Assets.xcassets in Resources */ = {isa = PBXBuildFile; fileRef = 1767706A1F76AB12002C2DFB /* Assets.xcassets */; };
		1767706E1F76AB12002C2DFB /* LaunchScreen.storyboard in Resources */ = {isa = PBXBuildFile; fileRef = 1767706C1F76AB12002C2DFB /* LaunchScreen.storyboard */; };
		176770791F76AB12002C2DFB /* _DTouchTests.m in Sources */ = {isa = PBXBuildFile; fileRef = 176770781F76AB12002C2DFB /* _DTouchTests.m */; };
		176770841F76AB12002C2DFB /* _DTouchUITests.m in Sources */ = {isa = PBXBuildFile; fileRef = 176770831F76AB12002C2DFB /* _DTouchUITests.m */; };
		176770931F76B2B2002C2DFB /* PeekVC.m in Sources */ = {isa = PBXBuildFile; fileRef = 176770921F76B2B2002C2DFB /* PeekVC.m */; };
/* End PBXBuildFile section */

/* Begin PBXContainerItemProxy section */
		176770751F76AB12002C2DFB /* PBXContainerItemProxy */ = {
			isa = PBXContainerItemProxy;
			containerPortal = 176770531F76AB12002C2DFB /* Project object */;
			proxyType = 1;
			remoteGlobalIDString = 1767705A1F76AB12002C2DFB;
			remoteInfo = 3DTouch;
		};
		176770801F76AB12002C2DFB /* PBXContainerItemProxy */ = {
			isa = PBXContainerItemProxy;
			containerPortal = 176770531F76AB12002C2DFB /* Project object */;
			proxyType = 1;
			remoteGlobalIDString = 1767705A1F76AB12002C2DFB;
			remoteInfo = 3DTouch;
		};
/* End PBXContainerItemProxy section */

/* Begin PBXFileReference section */
		1767705B1F76AB12002C2DFB /* 3DTouch.app */ = {isa = PBXFileReference; explicitFileType = wrapper.application; includeInIndex = 0; path = 3DTouch.app; sourceTree = BUILT_PRODUCTS_DIR; };
		1767705F1F76AB12002C2DFB /* main.m */ = {isa = PBXFileReference; lastKnownFileType = sourcecode.c.objc; path = main.m; sourceTree = "<group>"; };
		176770611F76AB12002C2DFB /* AppDelegate.h */ = {isa = PBXFileReference; lastKnownFileType = sourcecode.c.h; path = AppDelegate.h; sourceTree = "<group>"; };
		176770621F76AB12002C2DFB /* AppDelegate.m */ = {isa = PBXFileReference; lastKnownFileType = sourcecode.c.objc; path = AppDelegate.m; sourceTree = "<group>"; };
		176770641F76AB12002C2DFB /* ViewController.h */ = {isa = PBXFileReference; lastKnownFileType = sourcecode.c.h; path = ViewController.h; sourceTree = "<group>"; };
		176770651F76AB12002C2DFB /* ViewController.m */ = {isa = PBXFileReference; lastKnownFileType = sourcecode.c.objc; path = ViewController.m; sourceTree = "<group>"; };
		176770681F76AB12002C2DFB /* Base */ = {isa = PBXFileReference; lastKnownFileType = file.storyboard; name = Base; path = Base.lproj/Main.storyboard; sourceTree = "<group>"; };
		1767706A1F76AB12002C2DFB /* Assets.xcassets */ = {isa = PBXFileReference; lastKnownFileType = folder.assetcatalog; path = Assets.xcassets; sourceTree = "<group>"; };
		1767706D1F76AB12002C2DFB /* Base */ = {isa = PBXFileReference; lastKnownFileType = file.storyboard; name = Base; path = Base.lproj/LaunchScreen.storyboard; sourceTree = "<group>"; };
		1767706F1F76AB12002C2DFB /* Info.plist */ = {isa = PBXFileReference; lastKnownFileType = text.plist.xml; path = Info.plist; sourceTree = "<group>"; };
		176770741F76AB12002C2DFB /* 3DTouchTests.xctest */ = {isa = PBXFileReference; explicitFileType = wrapper.cfbundle; includeInIndex = 0; path = 3DTouchTests.xctest; sourceTree = BUILT_PRODUCTS_DIR; };
		176770781F76AB12002C2DFB /* _DTouchTests.m */ = {isa = PBXFileReference; lastKnownFileType = sourcecode.c.objc; path = _DTouchTests.m; sourceTree = "<group>"; };
		1767707A1F76AB12002C2DFB /* Info.plist */ = {isa = PBXFileReference; lastKnownFileType = text.plist.xml; path = Info.plist; sourceTree = "<group>"; };
		1767707F1F76AB12002C2DFB /* 3DTouchUITests.xctest */ = {isa = PBXFileReference; explicitFileType = wrapper.cfbundle; includeInIndex = 0; path = 3DTouchUITests.xctest; sourceTree = BUILT_PRODUCTS_DIR; };
		176770831F76AB12002C2DFB /* _DTouchUITests.m */ = {isa = PBXFileReference; lastKnownFileType = sourcecode.c.objc; path = _DTouchUITests.m; sourceTree = "<group>"; };
		176770851F76AB12002C2DFB /* Info.plist */ = {isa = PBXFileReference; lastKnownFileType = text.plist.xml; path = Info.plist; sourceTree = "<group>"; };
		176770911F76B2B2002C2DFB /* PeekVC.h */ = {isa = PBXFileReference; fileEncoding = 4; lastKnownFileType = sourcecode.c.h; path = PeekVC.h; sourceTree = "<group>"; };
		176770921F76B2B2002C2DFB /* PeekVC.m */ = {isa = PBXFileReference; fileEncoding = 4; lastKnownFileType = sourcecode.c.objc; path = PeekVC.m; sourceTree = "<group>"; };
/* End PBXFileReference section */

/* Begin PBXFrameworksBuildPhase section */
		176770581F76AB12002C2DFB /* Frameworks */ = {
			isa = PBXFrameworksBuildPhase;
			buildActionMask = 2147483647;
			files = (
			);
			runOnlyForDeploymentPostprocessing = 0;
		};
		176770711F76AB12002C2DFB /* Frameworks */ = {
			isa = PBXFrameworksBuildPhase;
			buildActionMask = 2147483647;
			files = (
			);
			runOnlyForDeploymentPostprocessing = 0;
		};
		1767707C1F76AB12002C2DFB /* Frameworks */ = {
			isa = PBXFrameworksBuildPhase;
			buildActionMask = 2147483647;
			files = (
			);
			runOnlyForDeploymentPostprocessing = 0;
		};
/* End PBXFrameworksBuildPhase section */

/* Begin PBXGroup section */
		176770521F76AB12002C2DFB = {
			isa = PBXGroup;
			children = (
				1767705D1F76AB12002C2DFB /* 3DTouch */,
				176770771F76AB12002C2DFB /* 3DTouchTests */,
				176770821F76AB12002C2DFB /* 3DTouchUITests */,
				1767705C1F76AB12002C2DFB /* Products */,
			);
			sourceTree = "<group>";
		};
		1767705C1F76AB12002C2DFB /* Products */ = {
			isa = PBXGroup;
			children = (
				1767705B1F76AB12002C2DFB /* 3DTouch.app */,
				176770741F76AB12002C2DFB /* 3DTouchTests.xctest */,
				1767707F1F76AB12002C2DFB /* 3DTouchUITests.xctest */,
			);
			name = Products;
			sourceTree = "<group>";
		};
		1767705D1F76AB12002C2DFB /* 3DTouch */ = {
			isa = PBXGroup;
			children = (
				176770611F76AB12002C2DFB /* AppDelegate.h */,
				176770621F76AB12002C2DFB /* AppDelegate.m */,
				176770641F76AB12002C2DFB /* ViewController.h */,
				176770651F76AB12002C2DFB /* ViewController.m */,
				176770911F76B2B2002C2DFB /* PeekVC.h */,
				176770921F76B2B2002C2DFB /* PeekVC.m */,
				176770671F76AB12002C2DFB /* Main.storyboard */,
				1767706A1F76AB12002C2DFB /* Assets.xcassets */,
				1767706C1F76AB12002C2DFB /* LaunchScreen.storyboard */,
				1767706F1F76AB12002C2DFB /* Info.plist */,
				1767705E1F76AB12002C2DFB /* Supporting Files */,
			);
			path = 3DTouch;
			sourceTree = "<group>";
		};
		1767705E1F76AB12002C2DFB /* Supporting Files */ = {
			isa = PBXGroup;
			children = (
				1767705F1F76AB12002C2DFB /* main.m */,
			);
			name = "Supporting Files";
			sourceTree = "<group>";
		};
		176770771F76AB12002C2DFB /* 3DTouchTests */ = {
			isa = PBXGroup;
			children = (
				176770781F76AB12002C2DFB /* _DTouchTests.m */,
				1767707A1F76AB12002C2DFB /* Info.plist */,
			);
			path = 3DTouchTests;
			sourceTree = "<group>";
		};
		176770821F76AB12002C2DFB /* 3DTouchUITests */ = {
			isa = PBXGroup;
			children = (
				176770831F76AB12002C2DFB /* _DTouchUITests.m */,
				176770851F76AB12002C2DFB /* Info.plist */,
			);
			path = 3DTouchUITests;
			sourceTree = "<group>";
		};
/* End PBXGroup section */

/* Begin PBXNativeTarget section */
		1767705A1F76AB12002C2DFB /* 3DTouch */ = {
			isa = PBXNativeTarget;
			buildConfigurationList = 176770881F76AB12002C2DFB /* Build configuration list for PBXNativeTarget "3DTouch" */;
			buildPhases = (
				176770571F76AB12002C2DFB /* Sources */,
				176770581F76AB12002C2DFB /* Frameworks */,
				176770591F76AB12002C2DFB /* Resources */,
			);
			buildRules = (
			);
			dependencies = (
			);
			name = 3DTouch;
			productName = 3DTouch;
			productReference = 1767705B1F76AB12002C2DFB /* 3DTouch.app */;
			productType = "com.apple.product-type.application";
		};
		176770731F76AB12002C2DFB /* 3DTouchTests */ = {
			isa = PBXNativeTarget;
			buildConfigurationList = 1767708B1F76AB12002C2DFB /* Build configuration list for PBXNativeTarget "3DTouchTests" */;
			buildPhases = (
				176770701F76AB12002C2DFB /* Sources */,
				176770711F76AB12002C2DFB /* Frameworks */,
				176770721F76AB12002C2DFB /* Resources */,
			);
			buildRules = (
			);
			dependencies = (
				176770761F76AB12002C2DFB /* PBXTargetDependency */,
			);
			name = 3DTouchTests;
			productName = 3DTouchTests;
			productReference = 176770741F76AB12002C2DFB /* 3DTouchTests.xctest */;
			productType = "com.apple.product-type.bundle.unit-test";
		};
		1767707E1F76AB12002C2DFB /* 3DTouchUITests */ = {
			isa = PBXNativeTarget;
			buildConfigurationList = 1767708E1F76AB12002C2DFB /* Build configuration list for PBXNativeTarget "3DTouchUITests" */;
			buildPhases = (
				1767707B1F76AB12002C2DFB /* Sources */,
				1767707C1F76AB12002C2DFB /* Frameworks */,
				1767707D1F76AB12002C2DFB /* Resources */,
			);
			buildRules = (
			);
			dependencies = (
				176770811F76AB12002C2DFB /* PBXTargetDependency */,
			);
			name = 3DTouchUITests;
			productName = 3DTouchUITests;
			productReference = 1767707F1F76AB12002C2DFB /* 3DTouchUITests.xctest */;
			productType = "com.apple.product-type.bundle.ui-testing";
		};
/* End PBXNativeTarget section */

/* Begin PBXProject section */
		176770531F76AB12002C2DFB /* Project object */ = {
			isa = PBXProject;
			attributes = {
				LastUpgradeCheck = 0810;
				ORGANIZATIONNAME = "~X~";
				TargetAttributes = {
					1767705A1F76AB12002C2DFB = {
						CreatedOnToolsVersion = 8.1;
						DevelopmentTeam = 9526SPAN3K;
						ProvisioningStyle = Automatic;
					};
					176770731F76AB12002C2DFB = {
						CreatedOnToolsVersion = 8.1;
						DevelopmentTeam = 9526SPAN3K;
						ProvisioningStyle = Automatic;
						TestTargetID = 1767705A1F76AB12002C2DFB;
					};
					1767707E1F76AB12002C2DFB = {
						CreatedOnToolsVersion = 8.1;
						DevelopmentTeam = 9526SPAN3K;
						ProvisioningStyle = Automatic;
						TestTargetID = 1767705A1F76AB12002C2DFB;
					};
				};
			};
			buildConfigurationList = 176770561F76AB12002C2DFB /* Build configuration list for PBXProject "3DTouch" */;
			compatibilityVersion = "Xcode 3.2";
			developmentRegion = English;
			hasScannedForEncodings = 0;
			knownRegions = (
				en,
				Base,
			);
			mainGroup = 176770521F76AB12002C2DFB;
			productRefGroup = 1767705C1F76AB12002C2DFB /* Products */;
			projectDirPath = "";
			projectRoot = "";
			targets = (
				1767705A1F76AB12002C2DFB /* 3DTouch */,
				176770731F76AB12002C2DFB /* 3DTouchTests */,
				1767707E1F76AB12002C2DFB /* 3DTouchUITests */,
			);
		};
/* End PBXProject section */

/* Begin PBXResourcesBuildPhase section */
		176770591F76AB12002C2DFB /* Resources */ = {
			isa = PBXResourcesBuildPhase;
			buildActionMask = 2147483647;
			files = (
				1767706E1F76AB12002C2DFB /* LaunchScreen.storyboard in Resources */,
				1767706B1F76AB12002C2DFB /* Assets.xcassets in Resources */,
				176770691F76AB12002C2DFB /* Main.storyboard in Resources */,
			);
			runOnlyForDeploymentPostprocessing = 0;
		};
		176770721F76AB12002C2DFB /* Resources */ = {
			isa = PBXResourcesBuildPhase;
			buildActionMask = 2147483647;
			files = (
			);
			runOnlyForDeploymentPostprocessing = 0;
		};
		1767707D1F76AB12002C2DFB /* Resources */ = {
			isa = PBXResourcesBuildPhase;
			buildActionMask = 2147483647;
			files = (
			);
			runOnlyForDeploymentPostprocessing = 0;
		};
/* End PBXResourcesBuildPhase section */

/* Begin PBXSourcesBuildPhase section */
		176770571F76AB12002C2DFB /* Sources */ = {
			isa = PBXSourcesBuildPhase;
			buildActionMask = 2147483647;
			files = (
				176770661F76AB12002C2DFB /* ViewController.m in Sources */,
				176770931F76B2B2002C2DFB /* PeekVC.m in Sources */,
				176770631F76AB12002C2DFB /* AppDelegate.m in Sources */,
				176770601F76AB12002C2DFB /* main.m in Sources */,
			);
			runOnlyForDeploymentPostprocessing = 0;
		};
		176770701F76AB12002C2DFB /* Sources */ = {
			isa = PBXSourcesBuildPhase;
			buildActionMask = 2147483647;
			files = (
				176770791F76AB12002C2DFB /* _DTouchTests.m in Sources */,
			);
			runOnlyForDeploymentPostprocessing = 0;
		};
		1767707B1F76AB12002C2DFB /* Sources */ = {
			isa = PBXSourcesBuildPhase;
			buildActionMask = 2147483647;
			files = (
				176770841F76AB12002C2DFB /* _DTouchUITests.m in Sources */,
			);
			runOnlyForDeploymentPostprocessing = 0;
		};
/* End PBXSourcesBuildPhase section */

/* Begin PBXTargetDependency section */
		176770761F76AB12002C2DFB /* PBXTargetDependency */ = {
			isa = PBXTargetDependency;
			target = 1767705A1F76AB12002C2DFB /* 3DTouch */;
			targetProxy = 176770751F76AB12002C2DFB /* PBXContainerItemProxy */;
		};
		176770811F76AB12002C2DFB /* PBXTargetDependency */ = {
			isa = PBXTargetDependency;
			target = 1767705A1F76AB12002C2DFB /* 3DTouch */;
			targetProxy = 176770801F76AB12002C2DFB /* PBXContainerItemProxy */;
		};
/* End PBXTargetDependency section */

/* Begin PBXVariantGroup section */
		176770671F76AB12002C2DFB /* Main.storyboard */ = {
			isa = PBXVariantGroup;
			children = (
				176770681F76AB12002C2DFB /* Base */,
			);
			name = Main.storyboard;
			sourceTree = "<group>";
		};
		1767706C1F76AB12002C2DFB /* LaunchScreen.storyboard */ = {
			isa = PBXVariantGroup;
			children = (
				1767706D1F76AB12002C2DFB /* Base */,
			);
			name = LaunchScreen.storyboard;
			sourceTree = "<group>";
		};
/* End PBXVariantGroup section */

/* Begin XCBuildConfiguration section */
		176770861F76AB12002C2DFB /* Debug */ = {
			isa = XCBuildConfiguration;
			buildSettings = {
				ALWAYS_SEARCH_USER_PATHS = NO;
				CLANG_ANALYZER_NONNULL = YES;
				CLANG_CXX_LANGUAGE_STANDARD = "gnu++0x";
				CLANG_CXX_LIBRARY = "libc++";
				CLANG_ENABLE_MODULES = YES;
				CLANG_ENABLE_OBJC_ARC = YES;
				CLANG_WARN_BOOL_CONVERSION = YES;
				CLANG_WARN_CONSTANT_CONVERSION = YES;
				CLANG_WARN_DIRECT_OBJC_ISA_USAGE = YES_ERROR;
				CLANG_WARN_DOCUMENTATION_COMMENTS = YES;
				CLANG_WARN_EMPTY_BODY = YES;
				CLANG_WARN_ENUM_CONVERSION = YES;
				CLANG_WARN_INFINITE_RECURSION = YES;
				CLANG_WARN_INT_CONVERSION = YES;
				CLANG_WARN_OBJC_ROOT_CLASS = YES_ERROR;
				CLANG_WARN_SUSPICIOUS_MOVES = YES;
				CLANG_WARN_UNREACHABLE_CODE = YES;
				CLANG_WARN__DUPLICATE_METHOD_MATCH = YES;
				"CODE_SIGN_IDENTITY[sdk=iphoneos*]" = "iPhone Developer";
				COPY_PHASE_STRIP = NO;
				DEBUG_INFORMATION_FORMAT = dwarf;
				ENABLE_STRICT_OBJC_MSGSEND = YES;
				ENABLE_TESTABILITY = YES;
				GCC_C_LANGUAGE_STANDARD = gnu99;
				GCC_DYNAMIC_NO_PIC = NO;
				GCC_NO_COMMON_BLOCKS = YES;
				GCC_OPTIMIZATION_LEVEL = 0;
				GCC_PREPROCESSOR_DEFINITIONS = (
					"DEBUG=1",
					"$(inherited)",
				);
				GCC_WARN_64_TO_32_BIT_CONVERSION = YES;
				GCC_WARN_ABOUT_RETURN_TYPE = YES_ERROR;
				GCC_WARN_UNDECLARED_SELECTOR = YES;
				GCC_WARN_UNINITIALIZED_AUTOS = YES_AGGRESSIVE;
				GCC_WARN_UNUSED_FUNCTION = YES;
				GCC_WARN_UNUSED_VARIABLE = YES;
				IPHONEOS_DEPLOYMENT_TARGET = 10.2;
				MTL_ENABLE_DEBUG_INFO = YES;
				ONLY_ACTIVE_ARCH = YES;
				SDKROOT = iphoneos;
			};
			name = Debug;
		};
		176770871F76AB12002C2DFB /* Release */ = {
			isa = XCBuildConfiguration;
			buildSettings = {
				ALWAYS_SEARCH_USER_PATHS = NO;
				CLANG_ANALYZER_NONNULL = YES;
				CLANG_CXX_LANGUAGE_STANDARD = "gnu++0x";
				CLANG_CXX_LIBRARY = "libc++";
				CLANG_ENABLE_MODULES = YES;
				CLANG_ENABLE_OBJC_ARC = YES;
				CLANG_WARN_BOOL_CONVERSION = YES;
				CLANG_WARN_CONSTANT_CONVERSION = YES;
				CLANG_WARN_DIRECT_OBJC_ISA_USAGE = YES_ERROR;
				CLANG_WARN_DOCUMENTATION_COMMENTS = YES;
				CLANG_WARN_EMPTY_BODY = YES;
				CLANG_WARN_ENUM_CONVERSION = YES;
				CLANG_WARN_INFINITE_RECURSION = YES;
				CLANG_WARN_INT_CONVERSION = YES;
				CLANG_WARN_OBJC_ROOT_CLASS = YES_ERROR;
				CLANG_WARN_SUSPICIOUS_MOVES = YES;
				CLANG_WARN_UNREACHABLE_CODE = YES;
				CLANG_WARN__DUPLICATE_METHOD_MATCH = YES;
				"CODE_SIGN_IDENTITY[sdk=iphoneos*]" = "iPhone Developer";
				COPY_PHASE_STRIP = NO;
				DEBUG_INFORMATION_FORMAT = "dwarf-with-dsym";
				ENABLE_NS_ASSERTIONS = NO;
				ENABLE_STRICT_OBJC_MSGSEND = YES;
				GCC_C_LANGUAGE_STANDARD = gnu99;
				GCC_NO_COMMON_BLOCKS = YES;
				GCC_WARN_64_TO_32_BIT_CONVERSION = YES;
				GCC_WARN_ABOUT_RETURN_TYPE = YES_ERROR;
				GCC_WARN_UNDECLARED_SELECTOR = YES;
				GCC_WARN_UNINITIALIZED_AUTOS = YES_AGGRESSIVE;
				GCC_WARN_UNUSED_FUNCTION = YES;
				GCC_WARN_UNUSED_VARIABLE = YES;
				IPHONEOS_DEPLOYMENT_TARGET = 10.2;
				MTL_ENABLE_DEBUG_INFO = NO;
				SDKROOT = iphoneos;
				VALIDATE_PRODUCT = YES;
			};
			name = Release;
		};
		176770891F76AB12002C2DFB /* Debug */ = {
			isa = XCBuildConfiguration;
			buildSettings = {
				ASSETCATALOG_COMPILER_APPICON_NAME = AppIcon;
				DEVELOPMENT_TEAM = 9526SPAN3K;
				INFOPLIST_FILE = 3DTouch/Info.plist;
				IPHONEOS_DEPLOYMENT_TARGET = 9.2;
				LD_RUNPATH_SEARCH_PATHS = "$(inherited) @executable_path/Frameworks";
				PRODUCT_BUNDLE_IDENTIFIER = "com.Joyce.-DTouch";
				PRODUCT_NAME = "$(TARGET_NAME)";
			};
			name = Debug;
		};
		1767708A1F76AB12002C2DFB /* Release */ = {
			isa = XCBuildConfiguration;
			buildSettings = {
				ASSETCATALOG_COMPILER_APPICON_NAME = AppIcon;
				DEVELOPMENT_TEAM = 9526SPAN3K;
				INFOPLIST_FILE = 3DTouch/Info.plist;
				IPHONEOS_DEPLOYMENT_TARGET = 9.2;
				LD_RUNPATH_SEARCH_PATHS = "$(inherited) @executable_path/Frameworks";
				PRODUCT_BUNDLE_IDENTIFIER = "com.Joyce.-DTouch";
				PRODUCT_NAME = "$(TARGET_NAME)";
			};
			name = Release;
		};
		1767708C1F76AB12002C2DFB /* Debug */ = {
			isa = XCBuildConfiguration;
			buildSettings = {
				BUNDLE_LOADER = "$(TEST_HOST)";
				DEVELOPMENT_TEAM = 9526SPAN3K;
				INFOPLIST_FILE = 3DTouchTests/Info.plist;
				LD_RUNPATH_SEARCH_PATHS = "$(inherited) @executable_path/Frameworks @loader_path/Frameworks";
				PRODUCT_BUNDLE_IDENTIFIER = "com.Joyce.-DTouchTests";
				PRODUCT_NAME = "$(TARGET_NAME)";
				TEST_HOST = "$(BUILT_PRODUCTS_DIR)/3DTouch.app/3DTouch";
			};
			name = Debug;
		};
		1767708D1F76AB12002C2DFB /* Release */ = {
			isa = XCBuildConfiguration;
			buildSettings = {
				BUNDLE_LOADER = "$(TEST_HOST)";
				DEVELOPMENT_TEAM = 9526SPAN3K;
				INFOPLIST_FILE = 3DTouchTests/Info.plist;
				LD_RUNPATH_SEARCH_PATHS = "$(inherited) @executable_path/Frameworks @loader_path/Frameworks";
				PRODUCT_BUNDLE_IDENTIFIER = "com.Joyce.-DTouchTests";
				PRODUCT_NAME = "$(TARGET_NAME)";
				TEST_HOST = "$(BUILT_PRODUCTS_DIR)/3DTouch.app/3DTouch";
			};
			name = Release;
		};
		1767708F1F76AB12002C2DFB /* Debug */ = {
			isa = XCBuildConfiguration;
			buildSettings = {
				DEVELOPMENT_TEAM = 9526SPAN3K;
				INFOPLIST_FILE = 3DTouchUITests/Info.plist;
				LD_RUNPATH_SEARCH_PATHS = "$(inherited) @executable_path/Frameworks @loader_path/Frameworks";
				PRODUCT_BUNDLE_IDENTIFIER = "com.Joyce.-DTouchUITests";
				PRODUCT_NAME = "$(TARGET_NAME)";
				TEST_TARGET_NAME = 3DTouch;
			};
			name = Debug;
		};
		176770901F76AB12002C2DFB /* Release */ = {
			isa = XCBuildConfiguration;
			buildSettings = {
				DEVELOPMENT_TEAM = 9526SPAN3K;
				INFOPLIST_FILE = 3DTouchUITests/Info.plist;
				LD_RUNPATH_SEARCH_PATHS = "$(inherited) @executable_path/Frameworks @loader_path/Frameworks";
				PRODUCT_BUNDLE_IDENTIFIER = "com.Joyce.-DTouchUITests";
				PRODUCT_NAME = "$(TARGET_NAME)";
				TEST_TARGET_NAME = 3DTouch;
			};
			name = Release;
		};
/* End XCBuildConfiguration section */

/* Begin XCConfigurationList section */
		176770561F76AB12002C2DFB /* Build configuration list for PBXProject "3DTouch" */ = {
			isa = XCConfigurationList;
			buildConfigurations = (
				176770861F76AB12002C2DFB /* Debug */,
				176770871F76AB12002C2DFB /* Release */,
			);
			defaultConfigurationIsVisible = 0;
			defaultConfigurationName = Release;
		};
		176770881F76AB12002C2DFB /* Build configuration list for PBXNativeTarget "3DTouch" */ = {
			isa = XCConfigurationList;
			buildConfigurations = (
				176770891F76AB12002C2DFB /* Debug */,
				1767708A1F76AB12002C2DFB /* Release */,
			);
			defaultConfigurationIsVisible = 0;
		};
		1767708B1F76AB12002C2DFB /* Build configuration list for PBXNativeTarget "3DTouchTests" */ = {
			isa = XCConfigurationList;
			buildConfigurations = (
				1767708C1F76AB12002C2DFB /* Debug */,
				1767708D1F76AB12002C2DFB /* Release */,
			);
			defaultConfigurationIsVisible = 0;
		};
		1767708E1F76AB12002C2DFB /* Build configuration list for PBXNativeTarget "3DTouchUITests" */ = {
			isa = XCConfigurationList;
			buildConfigurations = (
				1767708F1F76AB12002C2DFB /* Debug */,
				176770901F76AB12002C2DFB /* Release */,
			);
			defaultConfigurationIsVisible = 0;
		};
/* End XCConfigurationList section */
	};
	rootObject = 176770531F76AB12002C2DFB /* Project object */;
}
